
Microsoft Visual Studio Solution File, Format Version 12.00
# Visual Studio Version 17
VisualStudioVersion = 17.6.33829.357
MinimumVisualStudioVersion = 10.0.40219.1
Project("{FAE04EC0-301F-11D3-BF4B-00C04F79EFBC}") = "005_SortAlgorithm", "005_SortAlgorithm\005_SortAlgorithm.csproj", "{58DB7B67-2F1F-4297-93A6-186EFB0CF7EB}"
EndProject
Project("{FAE04EC0-301F-11D3-BF4B-00C04F79EFBC}") = "003_Fibonacci", "003_Fibonacci\003_Fibonacci.csproj", "{D43CAA0A-A037-4161-88D0-817BDF5F334E}"
EndProject
Project("{FAE04EC0-301F-11D3-BF4B-00C04F79EFBC}") = "006_ClosestPair", "006_ClosestPair\006_ClosestPair.csproj", "{FBCE1E3E-417E-41C5-B92F-E9AB628D0F1E}"
EndProject
Project("{FAE04EC0-301F-11D3-BF4B-00C04F79EFBC}") = "007_PrimMST", "007_PrimMST\007_PrimMST.csproj", "{F9ABE7A3-293B-44DC-8E46-DD9ECEE2DA5E}"
EndProject
Project("{FAE04EC0-301F-11D3-BF4B-00C04F79EFBC}") = "008_Dijkstra", "008_Dijkstra\008_Dijkstra.csproj", "{FA0494BA-C0C5-439E-9677-EA40941DD657}"
EndProject
Project("{FAE04EC0-301F-11D3-BF4B-00C04F79EFBC}") = "009_Fibonacci", "009_Fibonacci\009_Fibonacci.csproj", "{6B6A3D51-8EA4-4DA7-B87C-256262063D87}"
EndProject
Project("{FAE04EC0-301F-11D3-BF4B-00C04F79EFBC}") = "010_Tile", "010_Tile\010_Tile.csproj", "{881F7642-AE4C-4591-B9AA-A067A1B70F95}"
EndProject
Project("{FAE04EC0-301F-11D3-BF4B-00C04F79EFBC}") = "011_FloydWarshall", "011_FloydWarshall\011_FloydWarshall.csproj", "{B98E1229-B8F0-4A14-B367-D0E0F7C1B24C}"
EndProject
Project("{FAE04EC0-301F-11D3-BF4B-00C04F79EFBC}") = "012_ChainedMatrixMultiplication", "012_ChainedMatrixMultiplication\012_ChainedMatrixMultiplication.csproj", "{AD21C9CE-6953-4B59-983D-8FCA149448A1}"
EndProject
Project("{FAE04EC0-301F-11D3-BF4B-00C04F79EFBC}") = "013_Sorting", "013_Sorting\013_Sorting.csproj", "{8282EFFA-5D09-4B04-A325-5164FFA4E629}"
EndProject
Global
	GlobalSection(SolutionConfigurationPlatforms) = preSolution
		Debug|Any CPU = Debug|Any CPU
		Release|Any CPU = Release|Any CPU
	EndGlobalSection
	GlobalSection(ProjectConfigurationPlatforms) = postSolution
		{58DB7B67-2F1F-4297-93A6-186EFB0CF7EB}.Debug|Any CPU.ActiveCfg = Debug|Any CPU
		{58DB7B67-2F1F-4297-93A6-186EFB0CF7EB}.Debug|Any CPU.Build.0 = Debug|Any CPU
		{58DB7B67-2F1F-4297-93A6-186EFB0CF7EB}.Release|Any CPU.ActiveCfg = Release|Any CPU
		{58DB7B67-2F1F-4297-93A6-186EFB0CF7EB}.Release|Any CPU.Build.0 = Release|Any CPU
		{D43CAA0A-A037-4161-88D0-817BDF5F334E}.Debug|Any CPU.ActiveCfg = Debug|Any CPU
		{D43CAA0A-A037-4161-88D0-817BDF5F334E}.Debug|Any CPU.Build.0 = Debug|Any CPU
		{D43CAA0A-A037-4161-88D0-817BDF5F334E}.Release|Any CPU.ActiveCfg = Release|Any CPU
		{D43CAA0A-A037-4161-88D0-817BDF5F334E}.Release|Any CPU.Build.0 = Release|Any CPU
		{FBCE1E3E-417E-41C5-B92F-E9AB628D0F1E}.Debug|Any CPU.ActiveCfg = Debug|Any CPU
		{FBCE1E3E-417E-41C5-B92F-E9AB628D0F1E}.Debug|Any CPU.Build.0 = Debug|Any CPU
		{FBCE1E3E-417E-41C5-B92F-E9AB628D0F1E}.Release|Any CPU.ActiveCfg = Release|Any CPU
		{FBCE1E3E-417E-41C5-B92F-E9AB628D0F1E}.Release|Any CPU.Build.0 = Release|Any CPU
		{F9ABE7A3-293B-44DC-8E46-DD9ECEE2DA5E}.Debug|Any CPU.ActiveCfg = Debug|Any CPU
		{F9ABE7A3-293B-44DC-8E46-DD9ECEE2DA5E}.Debug|Any CPU.Build.0 = Debug|Any CPU
		{F9ABE7A3-293B-44DC-8E46-DD9ECEE2DA5E}.Release|Any CPU.ActiveCfg = Release|Any CPU
		{F9ABE7A3-293B-44DC-8E46-DD9ECEE2DA5E}.Release|Any CPU.Build.0 = Release|Any CPU
		{FA0494BA-C0C5-439E-9677-EA40941DD657}.Debug|Any CPU.ActiveCfg = Debug|Any CPU
		{FA0494BA-C0C5-439E-9677-EA40941DD657}.Debug|Any CPU.Build.0 = Debug|Any CPU
		{FA0494BA-C0C5-439E-9677-EA40941DD657}.Release|Any CPU.ActiveCfg = Release|Any CPU
		{FA0494BA-C0C5-439E-9677-EA40941DD657}.Release|Any CPU.Build.0 = Release|Any CPU
		{6B6A3D51-8EA4-4DA7-B87C-256262063D87}.Debug|Any CPU.ActiveCfg = Debug|Any CPU
		{6B6A3D51-8EA4-4DA7-B87C-256262063D87}.Debug|Any CPU.Build.0 = Debug|Any CPU
		{6B6A3D51-8EA4-4DA7-B87C-256262063D87}.Release|Any CPU.ActiveCfg = Release|Any CPU
		{6B6A3D51-8EA4-4DA7-B87C-256262063D87}.Release|Any CPU.Build.0 = Release|Any CPU
		{881F7642-AE4C-4591-B9AA-A067A1B70F95}.Debug|Any CPU.ActiveCfg = Debug|Any CPU
		{881F7642-AE4C-4591-B9AA-A067A1B70F95}.Debug|Any CPU.Build.0 = Debug|Any CPU
		{881F7642-AE4C-4591-B9AA-A067A1B70F95}.Release|Any CPU.ActiveCfg = Release|Any CPU
		{881F7642-AE4C-4591-B9AA-A067A1B70F95}.Release|Any CPU.Build.0 = Release|Any CPU
		{B98E1229-B8F0-4A14-B367-D0E0F7C1B24C}.Debug|Any CPU.ActiveCfg = Debug|Any CPU
		{B98E1229-B8F0-4A14-B367-D0E0F7C1B24C}.Debug|Any CPU.Build.0 = Debug|Any CPU
		{B98E1229-B8F0-4A14-B367-D0E0F7C1B24C}.Release|Any CPU.ActiveCfg = Release|Any CPU
		{B98E1229-B8F0-4A14-B367-D0E0F7C1B24C}.Release|Any CPU.Build.0 = Release|Any CPU
		{AD21C9CE-6953-4B59-983D-8FCA149448A1}.Debug|Any CPU.ActiveCfg = Debug|Any CPU
		{AD21C9CE-6953-4B59-983D-8FCA149448A1}.Debug|Any CPU.Build.0 = Debug|Any CPU
		{AD21C9CE-6953-4B59-983D-8FCA149448A1}.Release|Any CPU.ActiveCfg = Release|Any CPU
		{AD21C9CE-6953-4B59-983D-8FCA149448A1}.Release|Any CPU.Build.0 = Release|Any CPU
		{8282EFFA-5D09-4B04-A325-5164FFA4E629}.Debug|Any CPU.ActiveCfg = Debug|Any CPU
		{8282EFFA-5D09-4B04-A325-5164FFA4E629}.Debug|Any CPU.Build.0 = Debug|Any CPU
		{8282EFFA-5D09-4B04-A325-5164FFA4E629}.Release|Any CPU.ActiveCfg = Release|Any CPU
		{8282EFFA-5D09-4B04-A325-5164FFA4E629}.Release|Any CPU.Build.0 = Release|Any CPU
	EndGlobalSection
	GlobalSection(SolutionProperties) = preSolution
		HideSolutionNode = FALSE
	EndGlobalSection
	GlobalSection(ExtensibilityGlobals) = postSolution
		SolutionGuid = {C5181D02-C4F7-499B-99A8-D80AD0F8512C}
	EndGlobalSection
EndGlobal
